
Microsoft Visual Studio Solution File, Format Version 12.00
# Visual Studio Version 17
VisualStudioVersion = 17.3.32929.385
MinimumVisualStudioVersion = 10.0.40219.1
Project("{9A19103F-16F7-4668-BE54-9A1E7A4F7556}") = "WebSite", "WebSite\WebSite.csproj", "{D03FA1F8-3600-4A35-805E-8EA9EDCAB464}"
EndProject
Project("{9A19103F-16F7-4668-BE54-9A1E7A4F7556}") = "IGeekFan.AspNetCore.Knife4jUI", "IGeekFan.AspNetCore.Knife4jUI\IGeekFan.AspNetCore.Knife4jUI.csproj", "{EE342321-04B2-42D7-822D-ABE9F9829E77}"
EndProject
Global
	GlobalSection(SolutionConfigurationPlatforms) = preSolution
		Debug|Any CPU = Debug|Any CPU
		Release|Any CPU = Release|Any CPU
	EndGlobalSection
	GlobalSection(ProjectConfigurationPlatforms) = postSolution
		{D03FA1F8-3600-4A35-805E-8EA9EDCAB464}.Debug|Any CPU.ActiveCfg = Debug|Any CPU
		{D03FA1F8-3600-4A35-805E-8EA9EDCAB464}.Debug|Any CPU.Build.0 = Debug|Any CPU
		{D03FA1F8-3600-4A35-805E-8EA9EDCAB464}.Release|Any CPU.ActiveCfg = Release|Any CPU
		{D03FA1F8-3600-4A35-805E-8EA9EDCAB464}.Release|Any CPU.Build.0 = Release|Any CPU
		{EE342321-04B2-42D7-822D-ABE9F9829E77}.Debug|Any CPU.ActiveCfg = Debug|Any CPU
		{EE342321-04B2-42D7-822D-ABE9F9829E77}.Debug|Any CPU.Build.0 = Debug|Any CPU
		{EE342321-04B2-42D7-822D-ABE9F9829E77}.Release|Any CPU.ActiveCfg = Release|Any CPU
		{EE342321-04B2-42D7-822D-ABE9F9829E77}.Release|Any CPU.Build.0 = Release|Any CPU
	EndGlobalSection
	GlobalSection(SolutionProperties) = preSolution
		HideSolutionNode = FALSE
	EndGlobalSection
	GlobalSection(ExtensibilityGlobals) = postSolution
		SolutionGuid = {8FB7134A-9A81-4B91-9CD0-16C55B5BD476}
	EndGlobalSection
EndGlobal
